
Microsoft Visual Studio Solution File, Format Version 12.00
# Visual Studio Version 17
VisualStudioVersion = 17.7.34221.43
MinimumVisualStudioVersion = 10.0.40219.1
Project("{FAE04EC0-301F-11D3-BF4B-00C04F79EFBC}") = "WebMobilProgramlama", "WebMobilProgramlama.csproj", "{CE6CBB8F-FC8C-4C34-B871-94E9DD3290D4}"
EndProject
Global
	GlobalSection(SolutionConfigurationPlatforms) = preSolution
		Debug|Any CPU = Debug|Any CPU
		Release|Any CPU = Release|Any CPU
	EndGlobalSection
	GlobalSection(ProjectConfigurationPlatforms) = postSolution
		{CE6CBB8F-FC8C-4C34-B871-94E9DD3290D4}.Debug|Any CPU.ActiveCfg = Debug|Any CPU
		{CE6CBB8F-FC8C-4C34-B871-94E9DD3290D4}.Debug|Any CPU.Build.0 = Debug|Any CPU
		{CE6CBB8F-FC8C-4C34-B871-94E9DD3290D4}.Release|Any CPU.ActiveCfg = Release|Any CPU
		{CE6CBB8F-FC8C-4C34-B871-94E9DD3290D4}.Release|Any CPU.Build.0 = Release|Any CPU
	EndGlobalSection
	GlobalSection(SolutionProperties) = preSolution
		HideSolutionNode = FALSE
	EndGlobalSection
	GlobalSection(ExtensibilityGlobals) = postSolution
		SolutionGuid = {69904214-5369-45B6-9F93-F06E0DE76D3F}
	EndGlobalSection
EndGlobal
